
Microsoft Visual Studio Solution File, Format Version 12.00
# Visual Studio Version 17
VisualStudioVersion = 17.4.33205.214
MinimumVisualStudioVersion = 10.0.40219.1
Project("{FAE04EC0-301F-11D3-BF4B-00C04F79EFBC}") = "XamarinExample.UWP", "XamarinExample\XamarinExample.UWP\XamarinExample.UWP.csproj", "{D3B784BD-9856-477B-9E51-CDE54A927B57}"
EndProject
Project("{FAE04EC0-301F-11D3-BF4B-00C04F79EFBC}") = "XamarinExample.Android", "XamarinExample\XamarinExample.Android\XamarinExample.Android.csproj", "{5F54E663-37E9-438F-AEA4-7B7F4AC13B69}"
EndProject
Project("{FAE04EC0-301F-11D3-BF4B-00C04F79EFBC}") = "XamarinExample.iOS", "XamarinExample\XamarinExample.iOS\XamarinExample.iOS.csproj", "{BF5551C0-9C85-4A68-B791-A65936C379BD}"
EndProject
Project("{FAE04EC0-301F-11D3-BF4B-00C04F79EFBC}") = "XamarinExample", "XamarinExample\XamarinExample\XamarinExample.csproj", "{B2755B65-9A4F-4C86-9140-3317E0949D0D}"
EndProject
Global
	GlobalSection(SolutionConfigurationPlatforms) = preSolution
		Debug|Any CPU = Debug|Any CPU
		Debug|ARM = Debug|ARM
		Debug|iPhone = Debug|iPhone
		Debug|iPhoneSimulator = Debug|iPhoneSimulator
		Debug|x64 = Debug|x64
		Debug|x86 = Debug|x86
		Release|Any CPU = Release|Any CPU
		Release|ARM = Release|ARM
		Release|iPhone = Release|iPhone
		Release|iPhoneSimulator = Release|iPhoneSimulator
		Release|x64 = Release|x64
		Release|x86 = Release|x86
	EndGlobalSection
	GlobalSection(ProjectConfigurationPlatforms) = postSolution
		{D3B784BD-9856-477B-9E51-CDE54A927B57}.Debug|Any CPU.ActiveCfg = Debug|x64
		{D3B784BD-9856-477B-9E51-CDE54A927B57}.Debug|Any CPU.Build.0 = Debug|x64
		{D3B784BD-9856-477B-9E51-CDE54A927B57}.Debug|Any CPU.Deploy.0 = Debug|x64
		{D3B784BD-9856-477B-9E51-CDE54A927B57}.Debug|ARM.ActiveCfg = Debug|ARM
		{D3B784BD-9856-477B-9E51-CDE54A927B57}.Debug|ARM.Build.0 = Debug|ARM
		{D3B784BD-9856-477B-9E51-CDE54A927B57}.Debug|ARM.Deploy.0 = Debug|ARM
		{D3B784BD-9856-477B-9E51-CDE54A927B57}.Debug|iPhone.ActiveCfg = Debug|x64
		{D3B784BD-9856-477B-9E51-CDE54A927B57}.Debug|iPhone.Build.0 = Debug|x64
		{D3B784BD-9856-477B-9E51-CDE54A927B57}.Debug|iPhone.Deploy.0 = Debug|x64
		{D3B784BD-9856-477B-9E51-CDE54A927B57}.Debug|iPhoneSimulator.ActiveCfg = Debug|x64
		{D3B784BD-9856-477B-9E51-CDE54A927B57}.Debug|iPhoneSimulator.Build.0 = Debug|x64
		{D3B784BD-9856-477B-9E51-CDE54A927B57}.Debug|iPhoneSimulator.Deploy.0 = Debug|x64
		{D3B784BD-9856-477B-9E51-CDE54A927B57}.Debug|x64.ActiveCfg = Debug|x64
		{D3B784BD-9856-477B-9E51-CDE54A927B57}.Debug|x64.Build.0 = Debug|x64
		{D3B784BD-9856-477B-9E51-CDE54A927B57}.Debug|x64.Deploy.0 = Debug|x64
		{D3B784BD-9856-477B-9E51-CDE54A927B57}.Debug|x86.ActiveCfg = Debug|x86
		{D3B784BD-9856-477B-9E51-CDE54A927B57}.Debug|x86.Build.0 = Debug|x86
		{D3B784BD-9856-477B-9E51-CDE54A927B57}.Debug|x86.Deploy.0 = Debug|x86
		{D3B784BD-9856-477B-9E51-CDE54A927B57}.Release|Any CPU.ActiveCfg = Release|x64
		{D3B784BD-9856-477B-9E51-CDE54A927B57}.Release|Any CPU.Build.0 = Release|x64
		{D3B784BD-9856-477B-9E51-CDE54A927B57}.Release|Any CPU.Deploy.0 = Release|x64
		{D3B784BD-9856-477B-9E51-CDE54A927B57}.Release|ARM.ActiveCfg = Release|ARM
		{D3B784BD-9856-477B-9E51-CDE54A927B57}.Release|ARM.Build.0 = Release|ARM
		{D3B784BD-9856-477B-9E51-CDE54A927B57}.Release|ARM.Deploy.0 = Release|ARM
		{D3B784BD-9856-477B-9E51-CDE54A927B57}.Release|iPhone.ActiveCfg = Release|x64
		{D3B784BD-9856-477B-9E51-CDE54A927B57}.Release|iPhone.Build.0 = Release|x64
		{D3B784BD-9856-477B-9E51-CDE54A927B57}.Release|iPhone.Deploy.0 = Release|x64
		{D3B784BD-9856-477B-9E51-CDE54A927B57}.Release|iPhoneSimulator.ActiveCfg = Release|x64
		{D3B784BD-9856-477B-9E51-CDE54A927B57}.Release|iPhoneSimulator.Build.0 = Release|x64
		{D3B784BD-9856-477B-9E51-CDE54A927B57}.Release|iPhoneSimulator.Deploy.0 = Release|x64
		{D3B784BD-9856-477B-9E51-CDE54A927B57}.Release|x64.ActiveCfg = Release|x64
		{D3B784BD-9856-477B-9E51-CDE54A927B57}.Release|x64.Build.0 = Release|x64
		{D3B784BD-9856-477B-9E51-CDE54A927B57}.Release|x64.Deploy.0 = Release|x64
		{D3B784BD-9856-477B-9E51-CDE54A927B57}.Release|x86.ActiveCfg = Release|x86
		{D3B784BD-9856-477B-9E51-CDE54A927B57}.Release|x86.Build.0 = Release|x86
		{D3B784BD-9856-477B-9E51-CDE54A927B57}.Release|x86.Deploy.0 = Release|x86
		{5F54E663-37E9-438F-AEA4-7B7F4AC13B69}.Debug|Any CPU.ActiveCfg = Debug|Any CPU
		{5F54E663-37E9-438F-AEA4-7B7F4AC13B69}.Debug|Any CPU.Build.0 = Debug|Any CPU
		{5F54E663-37E9-438F-AEA4-7B7F4AC13B69}.Debug|Any CPU.Deploy.0 = Debug|Any CPU
		{5F54E663-37E9-438F-AEA4-7B7F4AC13B69}.Debug|ARM.ActiveCfg = Debug|Any CPU
		{5F54E663-37E9-438F-AEA4-7B7F4AC13B69}.Debug|ARM.Build.0 = Debug|Any CPU
		{5F54E663-37E9-438F-AEA4-7B7F4AC13B69}.Debug|ARM.Deploy.0 = Debug|Any CPU
		{5F54E663-37E9-438F-AEA4-7B7F4AC13B69}.Debug|iPhone.ActiveCfg = Debug|Any CPU
		{5F54E663-37E9-438F-AEA4-7B7F4AC13B69}.Debug|iPhone.Build.0 = Debug|Any CPU
		{5F54E663-37E9-438F-AEA4-7B7F4AC13B69}.Debug|iPhone.Deploy.0 = Debug|Any CPU
		{5F54E663-37E9-438F-AEA4-7B7F4AC13B69}.Debug|iPhoneSimulator.ActiveCfg = Debug|Any CPU
		{5F54E663-37E9-438F-AEA4-7B7F4AC13B69}.Debug|iPhoneSimulator.Build.0 = Debug|Any CPU
		{5F54E663-37E9-438F-AEA4-7B7F4AC13B69}.Debug|iPhoneSimulator.Deploy.0 = Debug|Any CPU
		{5F54E663-37E9-438F-AEA4-7B7F4AC13B69}.Debug|x64.ActiveCfg = Debug|Any CPU
		{5F54E663-37E9-438F-AEA4-7B7F4AC13B69}.Debug|x64.Build.0 = Debug|Any CPU
		{5F54E663-37E9-438F-AEA4-7B7F4AC13B69}.Debug|x64.Deploy.0 = Debug|Any CPU
		{5F54E663-37E9-438F-AEA4-7B7F4AC13B69}.Debug|x86.ActiveCfg = Debug|Any CPU
		{5F54E663-37E9-438F-AEA4-7B7F4AC13B69}.Debug|x86.Build.0 = Debug|Any CPU
		{5F54E663-37E9-438F-AEA4-7B7F4AC13B69}.Debug|x86.Deploy.0 = Debug|Any CPU
		{5F54E663-37E9-438F-AEA4-7B7F4AC13B69}.Release|Any CPU.ActiveCfg = Release|Any CPU
		{5F54E663-37E9-438F-AEA4-7B7F4AC13B69}.Release|Any CPU.Build.0 = Release|Any CPU
		{5F54E663-37E9-438F-AEA4-7B7F4AC13B69}.Release|Any CPU.Deploy.0 = Release|Any CPU
		{5F54E663-37E9-438F-AEA4-7B7F4AC13B69}.Release|ARM.ActiveCfg = Release|Any CPU
		{5F54E663-37E9-438F-AEA4-7B7F4AC13B69}.Release|ARM.Build.0 = Release|Any CPU
		{5F54E663-37E9-438F-AEA4-7B7F4AC13B69}.Release|ARM.Deploy.0 = Release|Any CPU
		{5F54E663-37E9-438F-AEA4-7B7F4AC13B69}.Release|iPhone.ActiveCfg = Release|Any CPU
		{5F54E663-37E9-438F-AEA4-7B7F4AC13B69}.Release|iPhone.Build.0 = Release|Any CPU
		{5F54E663-37E9-438F-AEA4-7B7F4AC13B69}.Release|iPhone.Deploy.0 = Release|Any CPU
		{5F54E663-37E9-438F-AEA4-7B7F4AC13B69}.Release|iPhoneSimulator.ActiveCfg = Release|Any CPU
		{5F54E663-37E9-438F-AEA4-7B7F4AC13B69}.Release|iPhoneSimulator.Build.0 = Release|Any CPU
		{5F54E663-37E9-438F-AEA4-7B7F4AC13B69}.Release|iPhoneSimulator.Deploy.0 = Release|Any CPU
		{5F54E663-37E9-438F-AEA4-7B7F4AC13B69}.Release|x64.ActiveCfg = Release|Any CPU
		{5F54E663-37E9-438F-AEA4-7B7F4AC13B69}.Release|x64.Build.0 = Release|Any CPU
		{5F54E663-37E9-438F-AEA4-7B7F4AC13B69}.Release|x64.Deploy.0 = Release|Any CPU
		{5F54E663-37E9-438F-AEA4-7B7F4AC13B69}.Release|x86.ActiveCfg = Release|Any CPU
		{5F54E663-37E9-438F-AEA4-7B7F4AC13B69}.Release|x86.Build.0 = Release|Any CPU
		{5F54E663-37E9-438F-AEA4-7B7F4AC13B69}.Release|x86.Deploy.0 = Release|Any CPU
		{BF5551C0-9C85-4A68-B791-A65936C379BD}.Debug|Any CPU.ActiveCfg = Debug|iPhoneSimulator
		{BF5551C0-9C85-4A68-B791-A65936C379BD}.Debug|Any CPU.Build.0 = Debug|iPhoneSimulator
		{BF5551C0-9C85-4A68-B791-A65936C379BD}.Debug|Any CPU.Deploy.0 = Debug|iPhoneSimulator
		{BF5551C0-9C85-4A68-B791-A65936C379BD}.Debug|ARM.ActiveCfg = Debug|iPhoneSimulator
		{BF5551C0-9C85-4A68-B791-A65936C379BD}.Debug|ARM.Build.0 = Debug|iPhoneSimulator
		{BF5551C0-9C85-4A68-B791-A65936C379BD}.Debug|ARM.Deploy.0 = Debug|iPhoneSimulator
		{BF5551C0-9C85-4A68-B791-A65936C379BD}.Debug|iPhone.ActiveCfg = Debug|iPhone
		{BF5551C0-9C85-4A68-B791-A65936C379BD}.Debug|iPhone.Build.0 = Debug|iPhone
		{BF5551C0-9C85-4A68-B791-A65936C379BD}.Debug|iPhone.Deploy.0 = Debug|iPhone
		{BF5551C0-9C85-4A68-B791-A65936C379BD}.Debug|iPhoneSimulator.ActiveCfg = Debug|iPhoneSimulator
		{BF5551C0-9C85-4A68-B791-A65936C379BD}.Debug|iPhoneSimulator.Build.0 = Debug|iPhoneSimulator
		{BF5551C0-9C85-4A68-B791-A65936C379BD}.Debug|iPhoneSimulator.Deploy.0 = Debug|iPhoneSimulator
		{BF5551C0-9C85-4A68-B791-A65936C379BD}.Debug|x64.ActiveCfg = Debug|iPhone
		{BF5551C0-9C85-4A68-B791-A65936C379BD}.Debug|x64.Build.0 = Debug|iPhone
		{BF5551C0-9C85-4A68-B791-A65936C379BD}.Debug|x64.Deploy.0 = Debug|iPhone
		{BF5551C0-9C85-4A68-B791-A65936C379BD}.Debug|x86.ActiveCfg = Debug|iPhoneSimulator
		{BF5551C0-9C85-4A68-B791-A65936C379BD}.Debug|x86.Build.0 = Debug|iPhoneSimulator
		{BF5551C0-9C85-4A68-B791-A65936C379BD}.Debug|x86.Deploy.0 = Debug|iPhoneSimulator
		{BF5551C0-9C85-4A68-B791-A65936C379BD}.Release|Any CPU.ActiveCfg = Release|iPhoneSimulator
		{BF5551C0-9C85-4A68-B791-A65936C379BD}.Release|Any CPU.Build.0 = Release|iPhoneSimulator
		{BF5551C0-9C85-4A68-B791-A65936C379BD}.Release|Any CPU.Deploy.0 = Release|iPhoneSimulator
		{BF5551C0-9C85-4A68-B791-A65936C379BD}.Release|ARM.ActiveCfg = Release|iPhoneSimulator
		{BF5551C0-9C85-4A68-B791-A65936C379BD}.Release|ARM.Build.0 = Release|iPhoneSimulator
		{BF5551C0-9C85-4A68-B791-A65936C379BD}.Release|ARM.Deploy.0 = Release|iPhoneSimulator
		{BF5551C0-9C85-4A68-B791-A65936C379BD}.Release|iPhone.ActiveCfg = Release|iPhone
		{BF5551C0-9C85-4A68-B791-A65936C379BD}.Release|iPhone.Build.0 = Release|iPhone
		{BF5551C0-9C85-4A68-B791-A65936C379BD}.Release|iPhone.Deploy.0 = Release|iPhone
		{BF5551C0-9C85-4A68-B791-A65936C379BD}.Release|iPhoneSimulator.ActiveCfg = Release|iPhoneSimulator
		{BF5551C0-9C85-4A68-B791-A65936C379BD}.Release|iPhoneSimulator.Build.0 = Release|iPhoneSimulator
		{BF5551C0-9C85-4A68-B791-A65936C379BD}.Release|iPhoneSimulator.Deploy.0 = Release|iPhoneSimulator
		{BF5551C0-9C85-4A68-B791-A65936C379BD}.Release|x64.ActiveCfg = Release|iPhoneSimulator
		{BF5551C0-9C85-4A68-B791-A65936C379BD}.Release|x64.Build.0 = Release|iPhoneSimulator
		{BF5551C0-9C85-4A68-B791-A65936C379BD}.Release|x64.Deploy.0 = Release|iPhoneSimulator
		{BF5551C0-9C85-4A68-B791-A65936C379BD}.Release|x86.ActiveCfg = Release|iPhoneSimulator
		{BF5551C0-9C85-4A68-B791-A65936C379BD}.Release|x86.Build.0 = Release|iPhoneSimulator
		{BF5551C0-9C85-4A68-B791-A65936C379BD}.Release|x86.Deploy.0 = Release|iPhoneSimulator
		{B2755B65-9A4F-4C86-9140-3317E0949D0D}.Debug|Any CPU.ActiveCfg = Debug|Any CPU
		{B2755B65-9A4F-4C86-9140-3317E0949D0D}.Debug|Any CPU.Build.0 = Debug|Any CPU
		{B2755B65-9A4F-4C86-9140-3317E0949D0D}.Debug|Any CPU.Deploy.0 = Debug|Any CPU
		{B2755B65-9A4F-4C86-9140-3317E0949D0D}.Debug|ARM.ActiveCfg = Debug|Any CPU
		{B2755B65-9A4F-4C86-9140-3317E0949D0D}.Debug|ARM.Build.0 = Debug|Any CPU
		{B2755B65-9A4F-4C86-9140-3317E0949D0D}.Debug|ARM.Deploy.0 = Debug|Any CPU
		{B2755B65-9A4F-4C86-9140-3317E0949D0D}.Debug|iPhone.ActiveCfg = Debug|Any CPU
		{B2755B65-9A4F-4C86-9140-3317E0949D0D}.Debug|iPhone.Build.0 = Debug|Any CPU
		{B2755B65-9A4F-4C86-9140-3317E0949D0D}.Debug|iPhone.Deploy.0 = Debug|Any CPU
		{B2755B65-9A4F-4C86-9140-3317E0949D0D}.Debug|iPhoneSimulator.ActiveCfg = Debug|Any CPU
		{B2755B65-9A4F-4C86-9140-3317E0949D0D}.Debug|iPhoneSimulator.Build.0 = Debug|Any CPU
		{B2755B65-9A4F-4C86-9140-3317E0949D0D}.Debug|iPhoneSimulator.Deploy.0 = Debug|Any CPU
		{B2755B65-9A4F-4C86-9140-3317E0949D0D}.Debug|x64.ActiveCfg = Debug|Any CPU
		{B2755B65-9A4F-4C86-9140-3317E0949D0D}.Debug|x64.Build.0 = Debug|Any CPU
		{B2755B65-9A4F-4C86-9140-3317E0949D0D}.Debug|x64.Deploy.0 = Debug|Any CPU
		{B2755B65-9A4F-4C86-9140-3317E0949D0D}.Debug|x86.ActiveCfg = Debug|Any CPU
		{B2755B65-9A4F-4C86-9140-3317E0949D0D}.Debug|x86.Build.0 = Debug|Any CPU
		{B2755B65-9A4F-4C86-9140-3317E0949D0D}.Debug|x86.Deploy.0 = Debug|Any CPU
		{B2755B65-9A4F-4C86-9140-3317E0949D0D}.Release|Any CPU.ActiveCfg = Release|Any CPU
		{B2755B65-9A4F-4C86-9140-3317E0949D0D}.Release|Any CPU.Build.0 = Release|Any CPU
		{B2755B65-9A4F-4C86-9140-3317E0949D0D}.Release|Any CPU.Deploy.0 = Release|Any CPU
		{B2755B65-9A4F-4C86-9140-3317E0949D0D}.Release|ARM.ActiveCfg = Release|Any CPU
		{B2755B65-9A4F-4C86-9140-3317E0949D0D}.Release|ARM.Build.0 = Release|Any CPU
		{B2755B65-9A4F-4C86-9140-3317E0949D0D}.Release|ARM.Deploy.0 = Release|Any CPU
		{B2755B65-9A4F-4C86-9140-3317E0949D0D}.Release|iPhone.ActiveCfg = Release|Any CPU
		{B2755B65-9A4F-4C86-9140-3317E0949D0D}.Release|iPhone.Build.0 = Release|Any CPU
		{B2755B65-9A4F-4C86-9140-3317E0949D0D}.Release|iPhone.Deploy.0 = Release|Any CPU
		{B2755B65-9A4F-4C86-9140-3317E0949D0D}.Release|iPhoneSimulator.ActiveCfg = Release|Any CPU
		{B2755B65-9A4F-4C86-9140-3317E0949D0D}.Release|iPhoneSimulator.Build.0 = Release|Any CPU
		{B2755B65-9A4F-4C86-9140-3317E0949D0D}.Release|iPhoneSimulator.Deploy.0 = Release|Any CPU
		{B2755B65-9A4F-4C86-9140-3317E0949D0D}.Release|x64.ActiveCfg = Release|Any CPU
		{B2755B65-9A4F-4C86-9140-3317E0949D0D}.Release|x64.Build.0 = Release|Any CPU
		{B2755B65-9A4F-4C86-9140-3317E0949D0D}.Release|x64.Deploy.0 = Release|Any CPU
		{B2755B65-9A4F-4C86-9140-3317E0949D0D}.Release|x86.ActiveCfg = Release|Any CPU
		{B2755B65-9A4F-4C86-9140-3317E0949D0D}.Release|x86.Build.0 = Release|Any CPU
		{B2755B65-9A4F-4C86-9140-3317E0949D0D}.Release|x86.Deploy.0 = Release|Any CPU
	EndGlobalSection
	GlobalSection(SolutionProperties) = preSolution
		HideSolutionNode = FALSE
	EndGlobalSection
	GlobalSection(ExtensibilityGlobals) = postSolution
		SolutionGuid = {EC767A40-3153-48AA-A50F-93063CBE7055}
	EndGlobalSection
EndGlobal
